
Microsoft Visual Studio Solution File, Format Version 12.00
# Visual Studio Version 16
VisualStudioVersion = 16.0.31005.135
MinimumVisualStudioVersion = 10.0.40219.1
Project("{9A19103F-16F7-4668-BE54-9A1E7A4F7556}") = "Nimeat", "Nimeat\Nimeat.csproj", "{39884B5D-B5DE-49CE-A69B-20C9101FEBCD}"
EndProject
Global
	GlobalSection(SolutionConfigurationPlatforms) = preSolution
		Debug|Any CPU = Debug|Any CPU
		Release|Any CPU = Release|Any CPU
	EndGlobalSection
	GlobalSection(ProjectConfigurationPlatforms) = postSolution
		{39884B5D-B5DE-49CE-A69B-20C9101FEBCD}.Debug|Any CPU.ActiveCfg = Debug|Any CPU
		{39884B5D-B5DE-49CE-A69B-20C9101FEBCD}.Debug|Any CPU.Build.0 = Debug|Any CPU
		{39884B5D-B5DE-49CE-A69B-20C9101FEBCD}.Release|Any CPU.ActiveCfg = Release|Any CPU
		{39884B5D-B5DE-49CE-A69B-20C9101FEBCD}.Release|Any CPU.Build.0 = Release|Any CPU
	EndGlobalSection
	GlobalSection(SolutionProperties) = preSolution
		HideSolutionNode = FALSE
	EndGlobalSection
	GlobalSection(ExtensibilityGlobals) = postSolution
		SolutionGuid = {BB9E399E-EF39-420F-A4E7-8F7D49326C75}
	EndGlobalSection
EndGlobal
